
Microsoft Visual Studio Solution File, Format Version 12.00
# Visual Studio Version 17
VisualStudioVersion = 17.0.31903.59
MinimumVisualStudioVersion = 10.0.40219.1
Project("{FAE04EC0-301F-11D3-BF4B-00C04F79EFBC}") = "main", "main\main.csproj", "{A94FED25-C6FF-4B4B-99F8-ABAF2C29DF7F}"
EndProject
Project("{FAE04EC0-301F-11D3-BF4B-00C04F79EFBC}") = "main.tests", "main.tests\main.tests.csproj", "{93B2CD54-FA70-435B-847A-78EA84B631AA}"
EndProject
Global
	GlobalSection(SolutionConfigurationPlatforms) = preSolution
		Debug|Any CPU = Debug|Any CPU
		Release|Any CPU = Release|Any CPU
	EndGlobalSection
	GlobalSection(SolutionProperties) = preSolution
		HideSolutionNode = FALSE
	EndGlobalSection
	GlobalSection(ProjectConfigurationPlatforms) = postSolution
		{A94FED25-C6FF-4B4B-99F8-ABAF2C29DF7F}.Debug|Any CPU.ActiveCfg = Debug|Any CPU
		{A94FED25-C6FF-4B4B-99F8-ABAF2C29DF7F}.Debug|Any CPU.Build.0 = Debug|Any CPU
		{A94FED25-C6FF-4B4B-99F8-ABAF2C29DF7F}.Release|Any CPU.ActiveCfg = Release|Any CPU
		{A94FED25-C6FF-4B4B-99F8-ABAF2C29DF7F}.Release|Any CPU.Build.0 = Release|Any CPU
		{93B2CD54-FA70-435B-847A-78EA84B631AA}.Debug|Any CPU.ActiveCfg = Debug|Any CPU
		{93B2CD54-FA70-435B-847A-78EA84B631AA}.Debug|Any CPU.Build.0 = Debug|Any CPU
		{93B2CD54-FA70-435B-847A-78EA84B631AA}.Release|Any CPU.ActiveCfg = Release|Any CPU
		{93B2CD54-FA70-435B-847A-78EA84B631AA}.Release|Any CPU.Build.0 = Release|Any CPU
	EndGlobalSection
EndGlobal
